# This file is automatically @generated by Poetry 1.8.2 and should not be changed by hand.

[[package]]
name = "invoke"
version = "2.2.0"
description = "Pythonic task execution"
optional = false
python-versions = ">=3.6"
files = [
    {file = "invoke-2.2.0-py3-none-any.whl", hash = "sha256:6ea924cc53d4f78e3d98bc436b08069a03077e6f85ad1ddaa8a116d7dad15820"},
    {file = "invoke-2.2.0.tar.gz", hash = "sha256:ee6cbb101af1a859c7fe84f2a264c059020b0cb7fe3535f9424300ab568f6bd5"},
]

[[package]]
name = "micropython-rp2-rpi-pico-stubs"
version = "1.22.1.post2"
description = "MicroPython stubs"
optional = false
python-versions = ">=3.8,<4.0"
files = [
    {file = "micropython_rp2_rpi_pico_stubs-1.22.1.post2-py3-none-any.whl", hash = "sha256:bf8d1974bb4afcd52fc6df177f6e0e79836b59127b4d17cc74e664ea830297b2"},
    {file = "micropython_rp2_rpi_pico_stubs-1.22.1.post2.tar.gz", hash = "sha256:85a7fabd72dd356d40088f1b2799f2c5350e5d25839edbc9ed1d3ba33b77ce22"},
]

[package.dependencies]
micropython-stdlib-stubs = ">=1.1.1"

[[package]]
name = "micropython-rp2-rpi-pico-w-stubs"
version = "1.22.1.post2"
description = "MicroPython stubs"
optional = false
python-versions = ">=3.8,<4.0"
files = [
    {file = "micropython_rp2_rpi_pico_w_stubs-1.22.1.post2-py3-none-any.whl", hash = "sha256:53a1697bc2c1ed7340ee782973c5855b6db3ba2e7a08b1faec7752058e48679d"},
    {file = "micropython_rp2_rpi_pico_w_stubs-1.22.1.post2.tar.gz", hash = "sha256:df4e86bee9404e86d4c8419019479d91955bcc9a523c4d818652532ab5d0a570"},
]

[package.dependencies]
micropython-stdlib-stubs = ">=1.1.1"

[[package]]
name = "micropython-stdlib-stubs"
version = "1.1.2"
description = "Micropython stdlib is a reduced and augmented copy of typeshed's stdlib for use by MicroPython stub packages"
optional = false
python-versions = ">=3.8,<4.0"
files = [
    {file = "micropython_stdlib_stubs-1.1.2-py3-none-any.whl", hash = "sha256:a455a01a5d7700ef99124072d94c967d5123778512260d87679e47e57f81e3d8"},
    {file = "micropython_stdlib_stubs-1.1.2.tar.gz", hash = "sha256:0e20e044f24b7f5d67205fd08780aa4ca0ea3741e4d14406ff7dca1ed8364f49"},
]

[[package]]
name = "ruff"
version = "0.3.4"
description = "An extremely fast Python linter and code formatter, written in Rust."
optional = false
python-versions = ">=3.7"
files = [
    {file = "ruff-0.3.4-py3-none-macosx_10_12_x86_64.macosx_11_0_arm64.macosx_10_12_universal2.whl", hash = "sha256:60c870a7d46efcbc8385d27ec07fe534ac32f3b251e4fc44b3cbfd9e09609ef4"},
    {file = "ruff-0.3.4-py3-none-macosx_10_12_x86_64.whl", hash = "sha256:6fc14fa742e1d8f24910e1fff0bd5e26d395b0e0e04cc1b15c7c5e5fe5b4af91"},
    {file = "ruff-0.3.4-py3-none-manylinux_2_17_aarch64.manylinux2014_aarch64.whl", hash = "sha256:d3ee7880f653cc03749a3bfea720cf2a192e4f884925b0cf7eecce82f0ce5854"},
    {file = "ruff-0.3.4-py3-none-manylinux_2_17_armv7l.manylinux2014_armv7l.whl", hash = "sha256:cf133dd744f2470b347f602452a88e70dadfbe0fcfb5fd46e093d55da65f82f7"},
    {file = "ruff-0.3.4-py3-none-manylinux_2_17_i686.manylinux2014_i686.whl", hash = "sha256:3f3860057590e810c7ffea75669bdc6927bfd91e29b4baa9258fd48b540a4365"},
    {file = "ruff-0.3.4-py3-none-manylinux_2_17_ppc64.manylinux2014_ppc64.whl", hash = "sha256:986f2377f7cf12efac1f515fc1a5b753c000ed1e0a6de96747cdf2da20a1b369"},
    {file = "ruff-0.3.4-py3-none-manylinux_2_17_ppc64le.manylinux2014_ppc64le.whl", hash = "sha256:c4fd98e85869603e65f554fdc5cddf0712e352fe6e61d29d5a6fe087ec82b76c"},
    {file = "ruff-0.3.4-py3-none-manylinux_2_17_s390x.manylinux2014_s390x.whl", hash = "sha256:64abeed785dad51801b423fa51840b1764b35d6c461ea8caef9cf9e5e5ab34d9"},
    {file = "ruff-0.3.4-py3-none-manylinux_2_17_x86_64.manylinux2014_x86_64.whl", hash = "sha256:df52972138318bc7546d92348a1ee58449bc3f9eaf0db278906eb511889c4b50"},
    {file = "ruff-0.3.4-py3-none-musllinux_1_2_aarch64.whl", hash = "sha256:98e98300056445ba2cc27d0b325fd044dc17fcc38e4e4d2c7711585bd0a958ed"},
    {file = "ruff-0.3.4-py3-none-musllinux_1_2_armv7l.whl", hash = "sha256:519cf6a0ebed244dce1dc8aecd3dc99add7a2ee15bb68cf19588bb5bf58e0488"},
    {file = "ruff-0.3.4-py3-none-musllinux_1_2_i686.whl", hash = "sha256:bb0acfb921030d00070539c038cd24bb1df73a2981e9f55942514af8b17be94e"},
    {file = "ruff-0.3.4-py3-none-musllinux_1_2_x86_64.whl", hash = "sha256:cf187a7e7098233d0d0c71175375c5162f880126c4c716fa28a8ac418dcf3378"},
    {file = "ruff-0.3.4-py3-none-win32.whl", hash = "sha256:af27ac187c0a331e8ef91d84bf1c3c6a5dea97e912a7560ac0cef25c526a4102"},
    {file = "ruff-0.3.4-py3-none-win_amd64.whl", hash = "sha256:de0d5069b165e5a32b3c6ffbb81c350b1e3d3483347196ffdf86dc0ef9e37dd6"},
    {file = "ruff-0.3.4-py3-none-win_arm64.whl", hash = "sha256:6810563cc08ad0096b57c717bd78aeac888a1bfd38654d9113cb3dc4d3f74232"},
    {file = "ruff-0.3.4.tar.gz", hash = "sha256:f0f4484c6541a99862b693e13a151435a279b271cff20e37101116a21e2a1ad1"},
]

[metadata]
lock-version = "2.0"
python-versions = "^3.8"
content-hash = "d1d073154d62c7a1a22cad5f0fe40a576c999d1ad41bc1e9afebe2b1235d541f"
